// !$*UTF8*$!
{
	archiveVersion = 1;
	classes = {
	};
	objectVersion = 46;
	objects = {

/* Begin PBXBuildFile section */
		C00C7AED19589CF600BA7465 /* AppDelegate.swift in Sources */ = {isa = PBXBuildFile; fileRef = C00C7AEC19589CF600BA7465 /* AppDelegate.swift */; };
		C00C7AEF19589CF600BA7465 /* ViewController.swift in Sources */ = {isa = PBXBuildFile; fileRef = C00C7AEE19589CF600BA7465 /* ViewController.swift */; };
		C00C7AF219589CF600BA7465 /* Main.storyboard in Resources */ = {isa = PBXBuildFile; fileRef = C00C7AF019589CF600BA7465 /* Main.storyboard */; };
		C00C7AF419589CF600BA7465 /* Images.xcassets in Resources */ = {isa = PBXBuildFile; fileRef = C00C7AF319589CF600BA7465 /* Images.xcassets */; };
		C00C7B0019589CF600BA7465 /* App4Tests.swift in Sources */ = {isa = PBXBuildFile; fileRef = C00C7AFF19589CF600BA7465 /* App4Tests.swift */; };
		C00C7B0A1958A03100BA7465 /* myViewController2.swift in Sources */ = {isa = PBXBuildFile; fileRef = C00C7B091958A03100BA7465 /* myViewController2.swift */; };
/* End PBXBuildFile section */

/* Begin PBXContainerItemProxy section */
		C00C7AFA19589CF600BA7465 /* PBXContainerItemProxy */ = {
			isa = PBXContainerItemProxy;
			containerPortal = C00C7ADF19589CF600BA7465 /* Project object */;
			proxyType = 1;
			remoteGlobalIDString = C00C7AE619589CF600BA7465;
			remoteInfo = App4;
		};
/* End PBXContainerItemProxy section */

/* Begin PBXFileReference section */
		C00C7AE719589CF600BA7465 /* App4.app */ = {isa = PBXFileReference; explicitFileType = wrapper.application; includeInIndex = 0; path = App4.app; sourceTree = BUILT_PRODUCTS_DIR; };
		C00C7AEB19589CF600BA7465 /* Info.plist */ = {isa = PBXFileReference; lastKnownFileType = text.plist.xml; path = Info.plist; sourceTree = "<group>"; };
		C00C7AEC19589CF600BA7465 /* AppDelegate.swift */ = {isa = PBXFileReference; lastKnownFileType = sourcecode.swift; path = AppDelegate.swift; sourceTree = "<group>"; };
		C00C7AEE19589CF600BA7465 /* ViewController.swift */ = {isa = PBXFileReference; lastKnownFileType = sourcecode.swift; path = ViewController.swift; sourceTree = "<group>"; };
		C00C7AF119589CF600BA7465 /* Base */ = {isa = PBXFileReference; lastKnownFileType = file.storyboard; name = Base; path = Base.lproj/Main.storyboard; sourceTree = "<group>"; };
		C00C7AF319589CF600BA7465 /* Images.xcassets */ = {isa = PBXFileReference; lastKnownFileType = folder.assetcatalog; path = Images.xcassets; sourceTree = "<group>"; };
		C00C7AF919589CF600BA7465 /* App4Tests.xctest */ = {isa = PBXFileReference; explicitFileType = wrapper.cfbundle; includeInIndex = 0; path = App4Tests.xctest; sourceTree = BUILT_PRODUCTS_DIR; };
		C00C7AFE19589CF600BA7465 /* Info.plist */ = {isa = PBXFileReference; lastKnownFileType = text.plist.xml; path = Info.plist; sourceTree = "<group>"; };
		C00C7AFF19589CF600BA7465 /* App4Tests.swift */ = {isa = PBXFileReference; lastKnownFileType = sourcecode.swift; path = App4Tests.swift; sourceTree = "<group>"; };
		C00C7B091958A03100BA7465 /* myViewController2.swift */ = {isa = PBXFileReference; fileEncoding = 4; lastKnownFileType = sourcecode.swift; path = myViewController2.swift; sourceTree = "<group>"; };
/* End PBXFileReference section */

/* Begin PBXFrameworksBuildPhase section */
		C00C7AE419589CF600BA7465 /* Frameworks */ = {
			isa = PBXFrameworksBuildPhase;
			buildActionMask = 2147483647;
			files = (
			);
			runOnlyForDeploymentPostprocessing = 0;
		};
		C00C7AF619589CF600BA7465 /* Frameworks */ = {
			isa = PBXFrameworksBuildPhase;
			buildActionMask = 2147483647;
			files = (
			);
			runOnlyForDeploymentPostprocessing = 0;
		};
/* End PBXFrameworksBuildPhase section */

/* Begin PBXGroup section */
		C00C7ADE19589CF600BA7465 = {
			isa = PBXGroup;
			children = (
				C00C7AE919589CF600BA7465 /* App4 */,
				C00C7AFC19589CF600BA7465 /* App4Tests */,
				C00C7AE819589CF600BA7465 /* Products */,
			);
			sourceTree = "<group>";
		};
		C00C7AE819589CF600BA7465 /* Products */ = {
			isa = PBXGroup;
			children = (
				C00C7AE719589CF600BA7465 /* App4.app */,
				C00C7AF919589CF600BA7465 /* App4Tests.xctest */,
			);
			name = Products;
			sourceTree = "<group>";
		};
		C00C7AE919589CF600BA7465 /* App4 */ = {
			isa = PBXGroup;
			children = (
				C00C7AEC19589CF600BA7465 /* AppDelegate.swift */,
				C00C7B091958A03100BA7465 /* myViewController2.swift */,
				C00C7AEE19589CF600BA7465 /* ViewController.swift */,
				C00C7AF019589CF600BA7465 /* Main.storyboard */,
				C00C7AF319589CF600BA7465 /* Images.xcassets */,
				C00C7AEA19589CF600BA7465 /* Supporting Files */,
			);
			path = App4;
			sourceTree = "<group>";
		};
		C00C7AEA19589CF600BA7465 /* Supporting Files */ = {
			isa = PBXGroup;
			children = (
				C00C7AEB19589CF600BA7465 /* Info.plist */,
			);
			name = "Supporting Files";
			sourceTree = "<group>";
		};
		C00C7AFC19589CF600BA7465 /* App4Tests */ = {
			isa = PBXGroup;
			children = (
				C00C7AFF19589CF600BA7465 /* App4Tests.swift */,
				C00C7AFD19589CF600BA7465 /* Supporting Files */,
			);
			path = App4Tests;
			sourceTree = "<group>";
		};
		C00C7AFD19589CF600BA7465 /* Supporting Files */ = {
			isa = PBXGroup;
			children = (
				C00C7AFE19589CF600BA7465 /* Info.plist */,
			);
			name = "Supporting Files";
			sourceTree = "<group>";
		};
/* End PBXGroup section */

/* Begin PBXNativeTarget section */
		C00C7AE619589CF600BA7465 /* App4 */ = {
			isa = PBXNativeTarget;
			buildConfigurationList = C00C7B0319589CF600BA7465 /* Build configuration list for PBXNativeTarget "App4" */;
			buildPhases = (
				C00C7AE319589CF600BA7465 /* Sources */,
				C00C7AE419589CF600BA7465 /* Frameworks */,
				C00C7AE519589CF600BA7465 /* Resources */,
			);
			buildRules = (
			);
			dependencies = (
			);
			name = App4;
			productName = App4;
			productReference = C00C7AE719589CF600BA7465 /* App4.app */;
			productType = "com.apple.product-type.application";
		};
		C00C7AF819589CF600BA7465 /* App4Tests */ = {
			isa = PBXNativeTarget;
			buildConfigurationList = C00C7B0619589CF600BA7465 /* Build configuration list for PBXNativeTarget "App4Tests" */;
			buildPhases = (
				C00C7AF519589CF600BA7465 /* Sources */,
				C00C7AF619589CF600BA7465 /* Frameworks */,
				C00C7AF719589CF600BA7465 /* Resources */,
			);
			buildRules = (
			);
			dependencies = (
				C00C7AFB19589CF600BA7465 /* PBXTargetDependency */,
			);
			name = App4Tests;
			productName = App4Tests;
			productReference = C00C7AF919589CF600BA7465 /* App4Tests.xctest */;
			productType = "com.apple.product-type.bundle.unit-test";
		};
/* End PBXNativeTarget section */

/* Begin PBXProject section */
		C00C7ADF19589CF600BA7465 /* Project object */ = {
			isa = PBXProject;
			attributes = {
				LastUpgradeCheck = 0600;
				ORGANIZATIONNAME = Gabriel;
				TargetAttributes = {
					C00C7AE619589CF600BA7465 = {
						CreatedOnToolsVersion = 6.0;
					};
					C00C7AF819589CF600BA7465 = {
						CreatedOnToolsVersion = 6.0;
						TestTargetID = C00C7AE619589CF600BA7465;
					};
				};
			};
			buildConfigurationList = C00C7AE219589CF600BA7465 /* Build configuration list for PBXProject "App4" */;
			compatibilityVersion = "Xcode 3.2";
			developmentRegion = English;
			hasScannedForEncodings = 0;
			knownRegions = (
				en,
				Base,
			);
			mainGroup = C00C7ADE19589CF600BA7465;
			productRefGroup = C00C7AE819589CF600BA7465 /* Products */;
			projectDirPath = "";
			projectRoot = "";
			targets = (
				C00C7AE619589CF600BA7465 /* App4 */,
				C00C7AF819589CF600BA7465 /* App4Tests */,
			);
		};
/* End PBXProject section */

/* Begin PBXResourcesBuildPhase section */
		C00C7AE519589CF600BA7465 /* Resources */ = {
			isa = PBXResourcesBuildPhase;
			buildActionMask = 2147483647;
			files = (
				C00C7AF219589CF600BA7465 /* Main.storyboard in Resources */,
				C00C7AF419589CF600BA7465 /* Images.xcassets in Resources */,
			);
			runOnlyForDeploymentPostprocessing = 0;
		};
		C00C7AF719589CF600BA7465 /* Resources */ = {
			isa = PBXResourcesBuildPhase;
			buildActionMask = 2147483647;
			files = (
			);
			runOnlyForDeploymentPostprocessing = 0;
		};
/* End PBXResourcesBuildPhase section */

/* Begin PBXSourcesBuildPhase section */
		C00C7AE319589CF600BA7465 /* Sources */ = {
			isa = PBXSourcesBuildPhase;
			buildActionMask = 2147483647;
			files = (
				C00C7AEF19589CF600BA7465 /* ViewController.swift in Sources */,
				C00C7B0A1958A03100BA7465 /* myViewController2.swift in Sources */,
				C00C7AED19589CF600BA7465 /* AppDelegate.swift in Sources */,
			);
			runOnlyForDeploymentPostprocessing = 0;
		};
		C00C7AF519589CF600BA7465 /* Sources */ = {
			isa = PBXSourcesBuildPhase;
			buildActionMask = 2147483647;
			files = (
				C00C7B0019589CF600BA7465 /* App4Tests.swift in Sources */,
			);
			runOnlyForDeploymentPostprocessing = 0;
		};
/* End PBXSourcesBuildPhase section */

/* Begin PBXTargetDependency section */
		C00C7AFB19589CF600BA7465 /* PBXTargetDependency */ = {
			isa = PBXTargetDependency;
			target = C00C7AE619589CF600BA7465 /* App4 */;
			targetProxy = C00C7AFA19589CF600BA7465 /* PBXContainerItemProxy */;
		};
/* End PBXTargetDependency section */

/* Begin PBXVariantGroup section */
		C00C7AF019589CF600BA7465 /* Main.storyboard */ = {
			isa = PBXVariantGroup;
			children = (
				C00C7AF119589CF600BA7465 /* Base */,
			);
			name = Main.storyboard;
			sourceTree = "<group>";
		};
/* End PBXVariantGroup section */

/* Begin XCBuildConfiguration section */
		C00C7B0119589CF600BA7465 /* Debug */ = {
			isa = XCBuildConfiguration;
			buildSettings = {
				ALWAYS_SEARCH_USER_PATHS = NO;
				CLANG_CXX_LANGUAGE_STANDARD = "gnu++0x";
				CLANG_CXX_LIBRARY = "libc++";
				CLANG_ENABLE_MODULES = YES;
				CLANG_ENABLE_OBJC_ARC = YES;
				CLANG_WARN_BOOL_CONVERSION = YES;
				CLANG_WARN_CONSTANT_CONVERSION = YES;
				CLANG_WARN_DIRECT_OBJC_ISA_USAGE = YES_ERROR;
				CLANG_WARN_EMPTY_BODY = YES;
				CLANG_WARN_ENUM_CONVERSION = YES;
				CLANG_WARN_INT_CONVERSION = YES;
				CLANG_WARN_OBJC_ROOT_CLASS = YES_ERROR;
				CLANG_WARN_UNREACHABLE_CODE = YES;
				CLANG_WARN__DUPLICATE_METHOD_MATCH = YES;
				"CODE_SIGN_IDENTITY[sdk=iphoneos*]" = "iPhone Developer";
				COPY_PHASE_STRIP = NO;
				ENABLE_STRICT_OBJC_MSGSEND = YES;
				GCC_C_LANGUAGE_STANDARD = gnu99;
				GCC_DYNAMIC_NO_PIC = NO;
				GCC_OPTIMIZATION_LEVEL = 0;
				GCC_PREPROCESSOR_DEFINITIONS = (
					"DEBUG=1",
					"$(inherited)",
				);
				GCC_SYMBOLS_PRIVATE_EXTERN = NO;
				GCC_WARN_64_TO_32_BIT_CONVERSION = YES;
				GCC_WARN_ABOUT_RETURN_TYPE = YES_ERROR;
				GCC_WARN_UNDECLARED_SELECTOR = YES;
				GCC_WARN_UNINITIALIZED_AUTOS = YES_AGGRESSIVE;
				GCC_WARN_UNUSED_FUNCTION = YES;
				GCC_WARN_UNUSED_VARIABLE = YES;
				IPHONEOS_DEPLOYMENT_TARGET = 8.0;
				METAL_ENABLE_DEBUG_INFO = YES;
				ONLY_ACTIVE_ARCH = YES;
				SDKROOT = iphoneos;
				SWIFT_OPTIMIZATION_LEVEL = "-Onone";
			};
			name = Debug;
		};
		C00C7B0219589CF600BA7465 /* Release */ = {
			isa = XCBuildConfiguration;
			buildSettings = {
				ALWAYS_SEARCH_USER_PATHS = NO;
				CLANG_CXX_LANGUAGE_STANDARD = "gnu++0x";
				CLANG_CXX_LIBRARY = "libc++";
				CLANG_ENABLE_MODULES = YES;
				CLANG_ENABLE_OBJC_ARC = YES;
				CLANG_WARN_BOOL_CONVERSION = YES;
				CLANG_WARN_CONSTANT_CONVERSION = YES;
				CLANG_WARN_DIRECT_OBJC_ISA_USAGE = YES_ERROR;
				CLANG_WARN_EMPTY_BODY = YES;
				CLANG_WARN_ENUM_CONVERSION = YES;
				CLANG_WARN_INT_CONVERSION = YES;
				CLANG_WARN_OBJC_ROOT_CLASS = YES_ERROR;
				CLANG_WARN_UNREACHABLE_CODE = YES;
				CLANG_WARN__DUPLICATE_METHOD_MATCH = YES;
				"CODE_SIGN_IDENTITY[sdk=iphoneos*]" = "iPhone Developer";
				COPY_PHASE_STRIP = YES;
				ENABLE_NS_ASSERTIONS = NO;
				ENABLE_STRICT_OBJC_MSGSEND = YES;
				GCC_C_LANGUAGE_STANDARD = gnu99;
				GCC_WARN_64_TO_32_BIT_CONVERSION = YES;
				GCC_WARN_ABOUT_RETURN_TYPE = YES_ERROR;
				GCC_WARN_UNDECLARED_SELECTOR = YES;
				GCC_WARN_UNINITIALIZED_AUTOS = YES_AGGRESSIVE;
				GCC_WARN_UNUSED_FUNCTION = YES;
				GCC_WARN_UNUSED_VARIABLE = YES;
				IPHONEOS_DEPLOYMENT_TARGET = 8.0;
				METAL_ENABLE_DEBUG_INFO = NO;
				SDKROOT = iphoneos;
				VALIDATE_PRODUCT = YES;
			};
			name = Release;
		};
		C00C7B0419589CF600BA7465 /* Debug */ = {
			isa = XCBuildConfiguration;
			buildSettings = {
				ASSETCATALOG_COMPILER_APPICON_NAME = AppIcon;
				ASSETCATALOG_COMPILER_LAUNCHIMAGE_NAME = LaunchImage;
				INFOPLIST_FILE = App4/Info.plist;
				LD_RUNPATH_SEARCH_PATHS = "$(inherited) @executable_path/Frameworks";
				PRODUCT_NAME = "$(TARGET_NAME)";
			};
			name = Debug;
		};
		C00C7B0519589CF600BA7465 /* Release */ = {
			isa = XCBuildConfiguration;
			buildSettings = {
				ASSETCATALOG_COMPILER_APPICON_NAME = AppIcon;
				ASSETCATALOG_COMPILER_LAUNCHIMAGE_NAME = LaunchImage;
				INFOPLIST_FILE = App4/Info.plist;
				LD_RUNPATH_SEARCH_PATHS = "$(inherited) @executable_path/Frameworks";
				PRODUCT_NAME = "$(TARGET_NAME)";
			};
			name = Release;
		};
		C00C7B0719589CF600BA7465 /* Debug */ = {
			isa = XCBuildConfiguration;
			buildSettings = {
				BUNDLE_LOADER = "$(BUILT_PRODUCTS_DIR)/App4.app/App4";
				FRAMEWORK_SEARCH_PATHS = (
					"$(SDKROOT)/Developer/Library/Frameworks",
					"$(inherited)",
				);
				GCC_PREPROCESSOR_DEFINITIONS = (
					"DEBUG=1",
					"$(inherited)",
				);
				INFOPLIST_FILE = App4Tests/Info.plist;
				LD_RUNPATH_SEARCH_PATHS = "$(inherited) @executable_path/Frameworks @loader_path/Frameworks";
				METAL_ENABLE_DEBUG_INFO = YES;
				PRODUCT_NAME = "$(TARGET_NAME)";
				TEST_HOST = "$(BUNDLE_LOADER)";
			};
			name = Debug;
		};
		C00C7B0819589CF600BA7465 /* Release */ = {
			isa = XCBuildConfiguration;
			buildSettings = {
				BUNDLE_LOADER = "$(BUILT_PRODUCTS_DIR)/App4.app/App4";
				FRAMEWORK_SEARCH_PATHS = (
					"$(SDKROOT)/Developer/Library/Frameworks",
					"$(inherited)",
				);
				INFOPLIST_FILE = App4Tests/Info.plist;
				LD_RUNPATH_SEARCH_PATHS = "$(inherited) @executable_path/Frameworks @loader_path/Frameworks";
				METAL_ENABLE_DEBUG_INFO = NO;
				PRODUCT_NAME = "$(TARGET_NAME)";
				TEST_HOST = "$(BUNDLE_LOADER)";
			};
			name = Release;
		};
/* End XCBuildConfiguration section */

/* Begin XCConfigurationList section */
		C00C7AE219589CF600BA7465 /* Build configuration list for PBXProject "App4" */ = {
			isa = XCConfigurationList;
			buildConfigurations = (
				C00C7B0119589CF600BA7465 /* Debug */,
				C00C7B0219589CF600BA7465 /* Release */,
			);
			defaultConfigurationIsVisible = 0;
			defaultConfigurationName = Release;
		};
		C00C7B0319589CF600BA7465 /* Build configuration list for PBXNativeTarget "App4" */ = {
			isa = XCConfigurationList;
			buildConfigurations = (
				C00C7B0419589CF600BA7465 /* Debug */,
				C00C7B0519589CF600BA7465 /* Release */,
			);
			defaultConfigurationIsVisible = 0;
		};
		C00C7B0619589CF600BA7465 /* Build configuration list for PBXNativeTarget "App4Tests" */ = {
			isa = XCConfigurationList;
			buildConfigurations = (
				C00C7B0719589CF600BA7465 /* Debug */,
				C00C7B0819589CF600BA7465 /* Release */,
			);
			defaultConfigurationIsVisible = 0;
		};
/* End XCConfigurationList section */
	};
	rootObject = C00C7ADF19589CF600BA7465 /* Project object */;
}
