// !$*UTF8*$!
{
	archiveVersion = 1;
	classes = {
	};
	objectVersion = 46;
	objects = {

/* Begin PBXBuildFile section */
		C08C87731948FC6700D9F6E9 /* AppDelegate.swift in Sources */ = {isa = PBXBuildFile; fileRef = C08C87721948FC6700D9F6E9 /* AppDelegate.swift */; };
		C08C87751948FC6700D9F6E9 /* ViewController.swift in Sources */ = {isa = PBXBuildFile; fileRef = C08C87741948FC6700D9F6E9 /* ViewController.swift */; };
		C08C87781948FC6700D9F6E9 /* Main.storyboard in Resources */ = {isa = PBXBuildFile; fileRef = C08C87761948FC6700D9F6E9 /* Main.storyboard */; };
		C08C877A1948FC6700D9F6E9 /* Images.xcassets in Resources */ = {isa = PBXBuildFile; fileRef = C08C87791948FC6700D9F6E9 /* Images.xcassets */; };
		C08C87861948FC6700D9F6E9 /* SecondAppTests.swift in Sources */ = {isa = PBXBuildFile; fileRef = C08C87851948FC6700D9F6E9 /* SecondAppTests.swift */; };
/* End PBXBuildFile section */

/* Begin PBXContainerItemProxy section */
		C08C87801948FC6700D9F6E9 /* PBXContainerItemProxy */ = {
			isa = PBXContainerItemProxy;
			containerPortal = C08C87651948FC6700D9F6E9 /* Project object */;
			proxyType = 1;
			remoteGlobalIDString = C08C876C1948FC6700D9F6E9;
			remoteInfo = SecondApp;
		};
/* End PBXContainerItemProxy section */

/* Begin PBXFileReference section */
		C08C876D1948FC6700D9F6E9 /* SecondApp.app */ = {isa = PBXFileReference; explicitFileType = wrapper.application; includeInIndex = 0; path = SecondApp.app; sourceTree = BUILT_PRODUCTS_DIR; };
		C08C87711948FC6700D9F6E9 /* Info.plist */ = {isa = PBXFileReference; lastKnownFileType = text.plist.xml; path = Info.plist; sourceTree = "<group>"; };
		C08C87721948FC6700D9F6E9 /* AppDelegate.swift */ = {isa = PBXFileReference; lastKnownFileType = sourcecode.swift; path = AppDelegate.swift; sourceTree = "<group>"; };
		C08C87741948FC6700D9F6E9 /* ViewController.swift */ = {isa = PBXFileReference; lastKnownFileType = sourcecode.swift; path = ViewController.swift; sourceTree = "<group>"; };
		C08C87771948FC6700D9F6E9 /* Base */ = {isa = PBXFileReference; lastKnownFileType = file.storyboard; name = Base; path = Base.lproj/Main.storyboard; sourceTree = "<group>"; };
		C08C87791948FC6700D9F6E9 /* Images.xcassets */ = {isa = PBXFileReference; lastKnownFileType = folder.assetcatalog; path = Images.xcassets; sourceTree = "<group>"; };
		C08C877F1948FC6700D9F6E9 /* SecondAppTests.xctest */ = {isa = PBXFileReference; explicitFileType = wrapper.cfbundle; includeInIndex = 0; path = SecondAppTests.xctest; sourceTree = BUILT_PRODUCTS_DIR; };
		C08C87841948FC6700D9F6E9 /* Info.plist */ = {isa = PBXFileReference; lastKnownFileType = text.plist.xml; path = Info.plist; sourceTree = "<group>"; };
		C08C87851948FC6700D9F6E9 /* SecondAppTests.swift */ = {isa = PBXFileReference; lastKnownFileType = sourcecode.swift; path = SecondAppTests.swift; sourceTree = "<group>"; };
/* End PBXFileReference section */

/* Begin PBXFrameworksBuildPhase section */
		C08C876A1948FC6700D9F6E9 /* Frameworks */ = {
			isa = PBXFrameworksBuildPhase;
			buildActionMask = 2147483647;
			files = (
			);
			runOnlyForDeploymentPostprocessing = 0;
		};
		C08C877C1948FC6700D9F6E9 /* Frameworks */ = {
			isa = PBXFrameworksBuildPhase;
			buildActionMask = 2147483647;
			files = (
			);
			runOnlyForDeploymentPostprocessing = 0;
		};
/* End PBXFrameworksBuildPhase section */

/* Begin PBXGroup section */
		C08C87641948FC6700D9F6E9 = {
			isa = PBXGroup;
			children = (
				C08C876F1948FC6700D9F6E9 /* SecondApp */,
				C08C87821948FC6700D9F6E9 /* SecondAppTests */,
				C08C876E1948FC6700D9F6E9 /* Products */,
			);
			sourceTree = "<group>";
		};
		C08C876E1948FC6700D9F6E9 /* Products */ = {
			isa = PBXGroup;
			children = (
				C08C876D1948FC6700D9F6E9 /* SecondApp.app */,
				C08C877F1948FC6700D9F6E9 /* SecondAppTests.xctest */,
			);
			name = Products;
			sourceTree = "<group>";
		};
		C08C876F1948FC6700D9F6E9 /* SecondApp */ = {
			isa = PBXGroup;
			children = (
				C08C87721948FC6700D9F6E9 /* AppDelegate.swift */,
				C08C87741948FC6700D9F6E9 /* ViewController.swift */,
				C08C87761948FC6700D9F6E9 /* Main.storyboard */,
				C08C87791948FC6700D9F6E9 /* Images.xcassets */,
				C08C87701948FC6700D9F6E9 /* Supporting Files */,
			);
			path = SecondApp;
			sourceTree = "<group>";
		};
		C08C87701948FC6700D9F6E9 /* Supporting Files */ = {
			isa = PBXGroup;
			children = (
				C08C87711948FC6700D9F6E9 /* Info.plist */,
			);
			name = "Supporting Files";
			sourceTree = "<group>";
		};
		C08C87821948FC6700D9F6E9 /* SecondAppTests */ = {
			isa = PBXGroup;
			children = (
				C08C87851948FC6700D9F6E9 /* SecondAppTests.swift */,
				C08C87831948FC6700D9F6E9 /* Supporting Files */,
			);
			path = SecondAppTests;
			sourceTree = "<group>";
		};
		C08C87831948FC6700D9F6E9 /* Supporting Files */ = {
			isa = PBXGroup;
			children = (
				C08C87841948FC6700D9F6E9 /* Info.plist */,
			);
			name = "Supporting Files";
			sourceTree = "<group>";
		};
/* End PBXGroup section */

/* Begin PBXNativeTarget section */
		C08C876C1948FC6700D9F6E9 /* SecondApp */ = {
			isa = PBXNativeTarget;
			buildConfigurationList = C08C87891948FC6700D9F6E9 /* Build configuration list for PBXNativeTarget "SecondApp" */;
			buildPhases = (
				C08C87691948FC6700D9F6E9 /* Sources */,
				C08C876A1948FC6700D9F6E9 /* Frameworks */,
				C08C876B1948FC6700D9F6E9 /* Resources */,
			);
			buildRules = (
			);
			dependencies = (
			);
			name = SecondApp;
			productName = SecondApp;
			productReference = C08C876D1948FC6700D9F6E9 /* SecondApp.app */;
			productType = "com.apple.product-type.application";
		};
		C08C877E1948FC6700D9F6E9 /* SecondAppTests */ = {
			isa = PBXNativeTarget;
			buildConfigurationList = C08C878C1948FC6700D9F6E9 /* Build configuration list for PBXNativeTarget "SecondAppTests" */;
			buildPhases = (
				C08C877B1948FC6700D9F6E9 /* Sources */,
				C08C877C1948FC6700D9F6E9 /* Frameworks */,
				C08C877D1948FC6700D9F6E9 /* Resources */,
			);
			buildRules = (
			);
			dependencies = (
				C08C87811948FC6700D9F6E9 /* PBXTargetDependency */,
			);
			name = SecondAppTests;
			productName = SecondAppTests;
			productReference = C08C877F1948FC6700D9F6E9 /* SecondAppTests.xctest */;
			productType = "com.apple.product-type.bundle.unit-test";
		};
/* End PBXNativeTarget section */

/* Begin PBXProject section */
		C08C87651948FC6700D9F6E9 /* Project object */ = {
			isa = PBXProject;
			attributes = {
				LastUpgradeCheck = 0600;
				ORGANIZATIONNAME = Gabriel;
				TargetAttributes = {
					C08C876C1948FC6700D9F6E9 = {
						CreatedOnToolsVersion = 6.0;
					};
					C08C877E1948FC6700D9F6E9 = {
						CreatedOnToolsVersion = 6.0;
						TestTargetID = C08C876C1948FC6700D9F6E9;
					};
				};
			};
			buildConfigurationList = C08C87681948FC6700D9F6E9 /* Build configuration list for PBXProject "SecondApp" */;
			compatibilityVersion = "Xcode 3.2";
			developmentRegion = English;
			hasScannedForEncodings = 0;
			knownRegions = (
				en,
				Base,
			);
			mainGroup = C08C87641948FC6700D9F6E9;
			productRefGroup = C08C876E1948FC6700D9F6E9 /* Products */;
			projectDirPath = "";
			projectRoot = "";
			targets = (
				C08C876C1948FC6700D9F6E9 /* SecondApp */,
				C08C877E1948FC6700D9F6E9 /* SecondAppTests */,
			);
		};
/* End PBXProject section */

/* Begin PBXResourcesBuildPhase section */
		C08C876B1948FC6700D9F6E9 /* Resources */ = {
			isa = PBXResourcesBuildPhase;
			buildActionMask = 2147483647;
			files = (
				C08C87781948FC6700D9F6E9 /* Main.storyboard in Resources */,
				C08C877A1948FC6700D9F6E9 /* Images.xcassets in Resources */,
			);
			runOnlyForDeploymentPostprocessing = 0;
		};
		C08C877D1948FC6700D9F6E9 /* Resources */ = {
			isa = PBXResourcesBuildPhase;
			buildActionMask = 2147483647;
			files = (
			);
			runOnlyForDeploymentPostprocessing = 0;
		};
/* End PBXResourcesBuildPhase section */

/* Begin PBXSourcesBuildPhase section */
		C08C87691948FC6700D9F6E9 /* Sources */ = {
			isa = PBXSourcesBuildPhase;
			buildActionMask = 2147483647;
			files = (
				C08C87751948FC6700D9F6E9 /* ViewController.swift in Sources */,
				C08C87731948FC6700D9F6E9 /* AppDelegate.swift in Sources */,
			);
			runOnlyForDeploymentPostprocessing = 0;
		};
		C08C877B1948FC6700D9F6E9 /* Sources */ = {
			isa = PBXSourcesBuildPhase;
			buildActionMask = 2147483647;
			files = (
				C08C87861948FC6700D9F6E9 /* SecondAppTests.swift in Sources */,
			);
			runOnlyForDeploymentPostprocessing = 0;
		};
/* End PBXSourcesBuildPhase section */

/* Begin PBXTargetDependency section */
		C08C87811948FC6700D9F6E9 /* PBXTargetDependency */ = {
			isa = PBXTargetDependency;
			target = C08C876C1948FC6700D9F6E9 /* SecondApp */;
			targetProxy = C08C87801948FC6700D9F6E9 /* PBXContainerItemProxy */;
		};
/* End PBXTargetDependency section */

/* Begin PBXVariantGroup section */
		C08C87761948FC6700D9F6E9 /* Main.storyboard */ = {
			isa = PBXVariantGroup;
			children = (
				C08C87771948FC6700D9F6E9 /* Base */,
			);
			name = Main.storyboard;
			sourceTree = "<group>";
		};
/* End PBXVariantGroup section */

/* Begin XCBuildConfiguration section */
		C08C87871948FC6700D9F6E9 /* Debug */ = {
			isa = XCBuildConfiguration;
			buildSettings = {
				ALWAYS_SEARCH_USER_PATHS = NO;
				CLANG_CXX_LANGUAGE_STANDARD = "gnu++0x";
				CLANG_CXX_LIBRARY = "libc++";
				CLANG_ENABLE_MODULES = YES;
				CLANG_ENABLE_OBJC_ARC = YES;
				CLANG_WARN_BOOL_CONVERSION = YES;
				CLANG_WARN_CONSTANT_CONVERSION = YES;
				CLANG_WARN_DIRECT_OBJC_ISA_USAGE = YES_ERROR;
				CLANG_WARN_EMPTY_BODY = YES;
				CLANG_WARN_ENUM_CONVERSION = YES;
				CLANG_WARN_INT_CONVERSION = YES;
				CLANG_WARN_OBJC_ROOT_CLASS = YES_ERROR;
				CLANG_WARN_UNREACHABLE_CODE = YES;
				CLANG_WARN__DUPLICATE_METHOD_MATCH = YES;
				"CODE_SIGN_IDENTITY[sdk=iphoneos*]" = "iPhone Developer";
				COPY_PHASE_STRIP = NO;
				ENABLE_STRICT_OBJC_MSGSEND = YES;
				GCC_C_LANGUAGE_STANDARD = gnu99;
				GCC_DYNAMIC_NO_PIC = NO;
				GCC_OPTIMIZATION_LEVEL = 0;
				GCC_PREPROCESSOR_DEFINITIONS = (
					"DEBUG=1",
					"$(inherited)",
				);
				GCC_SYMBOLS_PRIVATE_EXTERN = NO;
				GCC_WARN_64_TO_32_BIT_CONVERSION = YES;
				GCC_WARN_ABOUT_RETURN_TYPE = YES_ERROR;
				GCC_WARN_UNDECLARED_SELECTOR = YES;
				GCC_WARN_UNINITIALIZED_AUTOS = YES_AGGRESSIVE;
				GCC_WARN_UNUSED_FUNCTION = YES;
				GCC_WARN_UNUSED_VARIABLE = YES;
				IPHONEOS_DEPLOYMENT_TARGET = 8.0;
				METAL_ENABLE_DEBUG_INFO = YES;
				ONLY_ACTIVE_ARCH = YES;
				SDKROOT = iphoneos;
				SWIFT_OPTIMIZATION_LEVEL = "-Onone";
			};
			name = Debug;
		};
		C08C87881948FC6700D9F6E9 /* Release */ = {
			isa = XCBuildConfiguration;
			buildSettings = {
				ALWAYS_SEARCH_USER_PATHS = NO;
				CLANG_CXX_LANGUAGE_STANDARD = "gnu++0x";
				CLANG_CXX_LIBRARY = "libc++";
				CLANG_ENABLE_MODULES = YES;
				CLANG_ENABLE_OBJC_ARC = YES;
				CLANG_WARN_BOOL_CONVERSION = YES;
				CLANG_WARN_CONSTANT_CONVERSION = YES;
				CLANG_WARN_DIRECT_OBJC_ISA_USAGE = YES_ERROR;
				CLANG_WARN_EMPTY_BODY = YES;
				CLANG_WARN_ENUM_CONVERSION = YES;
				CLANG_WARN_INT_CONVERSION = YES;
				CLANG_WARN_OBJC_ROOT_CLASS = YES_ERROR;
				CLANG_WARN_UNREACHABLE_CODE = YES;
				CLANG_WARN__DUPLICATE_METHOD_MATCH = YES;
				"CODE_SIGN_IDENTITY[sdk=iphoneos*]" = "iPhone Developer";
				COPY_PHASE_STRIP = YES;
				ENABLE_NS_ASSERTIONS = NO;
				ENABLE_STRICT_OBJC_MSGSEND = YES;
				GCC_C_LANGUAGE_STANDARD = gnu99;
				GCC_WARN_64_TO_32_BIT_CONVERSION = YES;
				GCC_WARN_ABOUT_RETURN_TYPE = YES_ERROR;
				GCC_WARN_UNDECLARED_SELECTOR = YES;
				GCC_WARN_UNINITIALIZED_AUTOS = YES_AGGRESSIVE;
				GCC_WARN_UNUSED_FUNCTION = YES;
				GCC_WARN_UNUSED_VARIABLE = YES;
				IPHONEOS_DEPLOYMENT_TARGET = 8.0;
				METAL_ENABLE_DEBUG_INFO = NO;
				SDKROOT = iphoneos;
				VALIDATE_PRODUCT = YES;
			};
			name = Release;
		};
		C08C878A1948FC6700D9F6E9 /* Debug */ = {
			isa = XCBuildConfiguration;
			buildSettings = {
				ASSETCATALOG_COMPILER_APPICON_NAME = AppIcon;
				ASSETCATALOG_COMPILER_LAUNCHIMAGE_NAME = LaunchImage;
				INFOPLIST_FILE = SecondApp/Info.plist;
				LD_RUNPATH_SEARCH_PATHS = "$(inherited) @executable_path/Frameworks";
				PRODUCT_NAME = "$(TARGET_NAME)";
			};
			name = Debug;
		};
		C08C878B1948FC6700D9F6E9 /* Release */ = {
			isa = XCBuildConfiguration;
			buildSettings = {
				ASSETCATALOG_COMPILER_APPICON_NAME = AppIcon;
				ASSETCATALOG_COMPILER_LAUNCHIMAGE_NAME = LaunchImage;
				INFOPLIST_FILE = SecondApp/Info.plist;
				LD_RUNPATH_SEARCH_PATHS = "$(inherited) @executable_path/Frameworks";
				PRODUCT_NAME = "$(TARGET_NAME)";
			};
			name = Release;
		};
		C08C878D1948FC6700D9F6E9 /* Debug */ = {
			isa = XCBuildConfiguration;
			buildSettings = {
				BUNDLE_LOADER = "$(BUILT_PRODUCTS_DIR)/SecondApp.app/SecondApp";
				FRAMEWORK_SEARCH_PATHS = (
					"$(SDKROOT)/Developer/Library/Frameworks",
					"$(inherited)",
				);
				GCC_PREPROCESSOR_DEFINITIONS = (
					"DEBUG=1",
					"$(inherited)",
				);
				INFOPLIST_FILE = SecondAppTests/Info.plist;
				LD_RUNPATH_SEARCH_PATHS = "$(inherited) @executable_path/Frameworks @loader_path/Frameworks";
				METAL_ENABLE_DEBUG_INFO = YES;
				PRODUCT_NAME = "$(TARGET_NAME)";
				TEST_HOST = "$(BUNDLE_LOADER)";
			};
			name = Debug;
		};
		C08C878E1948FC6700D9F6E9 /* Release */ = {
			isa = XCBuildConfiguration;
			buildSettings = {
				BUNDLE_LOADER = "$(BUILT_PRODUCTS_DIR)/SecondApp.app/SecondApp";
				FRAMEWORK_SEARCH_PATHS = (
					"$(SDKROOT)/Developer/Library/Frameworks",
					"$(inherited)",
				);
				INFOPLIST_FILE = SecondAppTests/Info.plist;
				LD_RUNPATH_SEARCH_PATHS = "$(inherited) @executable_path/Frameworks @loader_path/Frameworks";
				METAL_ENABLE_DEBUG_INFO = NO;
				PRODUCT_NAME = "$(TARGET_NAME)";
				TEST_HOST = "$(BUNDLE_LOADER)";
			};
			name = Release;
		};
/* End XCBuildConfiguration section */

/* Begin XCConfigurationList section */
		C08C87681948FC6700D9F6E9 /* Build configuration list for PBXProject "SecondApp" */ = {
			isa = XCConfigurationList;
			buildConfigurations = (
				C08C87871948FC6700D9F6E9 /* Debug */,
				C08C87881948FC6700D9F6E9 /* Release */,
			);
			defaultConfigurationIsVisible = 0;
			defaultConfigurationName = Release;
		};
		C08C87891948FC6700D9F6E9 /* Build configuration list for PBXNativeTarget "SecondApp" */ = {
			isa = XCConfigurationList;
			buildConfigurations = (
				C08C878A1948FC6700D9F6E9 /* Debug */,
				C08C878B1948FC6700D9F6E9 /* Release */,
			);
			defaultConfigurationIsVisible = 0;
		};
		C08C878C1948FC6700D9F6E9 /* Build configuration list for PBXNativeTarget "SecondAppTests" */ = {
			isa = XCConfigurationList;
			buildConfigurations = (
				C08C878D1948FC6700D9F6E9 /* Debug */,
				C08C878E1948FC6700D9F6E9 /* Release */,
			);
			defaultConfigurationIsVisible = 0;
		};
/* End XCConfigurationList section */
	};
	rootObject = C08C87651948FC6700D9F6E9 /* Project object */;
}
