// !$*UTF8*$!
{
	archiveVersion = 1;
	classes = {
	};
	objectVersion = 46;
	objects = {

/* Begin PBXBuildFile section */
		C01D34A71961A2140078FAAE /* AppDelegate.swift in Sources */ = {isa = PBXBuildFile; fileRef = C01D34A61961A2140078FAAE /* AppDelegate.swift */; };
		C01D34A91961A2140078FAAE /* ViewController.swift in Sources */ = {isa = PBXBuildFile; fileRef = C01D34A81961A2140078FAAE /* ViewController.swift */; };
		C01D34AC1961A2140078FAAE /* Main.storyboard in Resources */ = {isa = PBXBuildFile; fileRef = C01D34AA1961A2140078FAAE /* Main.storyboard */; };
		C01D34AE1961A2140078FAAE /* Images.xcassets in Resources */ = {isa = PBXBuildFile; fileRef = C01D34AD1961A2140078FAAE /* Images.xcassets */; };
		C01D34BA1961A2140078FAAE /* App8TableViewTests.swift in Sources */ = {isa = PBXBuildFile; fileRef = C01D34B91961A2140078FAAE /* App8TableViewTests.swift */; };
/* End PBXBuildFile section */

/* Begin PBXContainerItemProxy section */
		C01D34B41961A2140078FAAE /* PBXContainerItemProxy */ = {
			isa = PBXContainerItemProxy;
			containerPortal = C01D34991961A2130078FAAE /* Project object */;
			proxyType = 1;
			remoteGlobalIDString = C01D34A01961A2130078FAAE;
			remoteInfo = App8TableView;
		};
/* End PBXContainerItemProxy section */

/* Begin PBXFileReference section */
		C01D34A11961A2130078FAAE /* App8TableView.app */ = {isa = PBXFileReference; explicitFileType = wrapper.application; includeInIndex = 0; path = App8TableView.app; sourceTree = BUILT_PRODUCTS_DIR; };
		C01D34A51961A2140078FAAE /* Info.plist */ = {isa = PBXFileReference; lastKnownFileType = text.plist.xml; path = Info.plist; sourceTree = "<group>"; };
		C01D34A61961A2140078FAAE /* AppDelegate.swift */ = {isa = PBXFileReference; lastKnownFileType = sourcecode.swift; path = AppDelegate.swift; sourceTree = "<group>"; };
		C01D34A81961A2140078FAAE /* ViewController.swift */ = {isa = PBXFileReference; lastKnownFileType = sourcecode.swift; path = ViewController.swift; sourceTree = "<group>"; };
		C01D34AB1961A2140078FAAE /* Base */ = {isa = PBXFileReference; lastKnownFileType = file.storyboard; name = Base; path = Base.lproj/Main.storyboard; sourceTree = "<group>"; };
		C01D34AD1961A2140078FAAE /* Images.xcassets */ = {isa = PBXFileReference; lastKnownFileType = folder.assetcatalog; path = Images.xcassets; sourceTree = "<group>"; };
		C01D34B31961A2140078FAAE /* App8TableViewTests.xctest */ = {isa = PBXFileReference; explicitFileType = wrapper.cfbundle; includeInIndex = 0; path = App8TableViewTests.xctest; sourceTree = BUILT_PRODUCTS_DIR; };
		C01D34B81961A2140078FAAE /* Info.plist */ = {isa = PBXFileReference; lastKnownFileType = text.plist.xml; path = Info.plist; sourceTree = "<group>"; };
		C01D34B91961A2140078FAAE /* App8TableViewTests.swift */ = {isa = PBXFileReference; lastKnownFileType = sourcecode.swift; path = App8TableViewTests.swift; sourceTree = "<group>"; };
/* End PBXFileReference section */

/* Begin PBXFrameworksBuildPhase section */
		C01D349E1961A2130078FAAE /* Frameworks */ = {
			isa = PBXFrameworksBuildPhase;
			buildActionMask = 2147483647;
			files = (
			);
			runOnlyForDeploymentPostprocessing = 0;
		};
		C01D34B01961A2140078FAAE /* Frameworks */ = {
			isa = PBXFrameworksBuildPhase;
			buildActionMask = 2147483647;
			files = (
			);
			runOnlyForDeploymentPostprocessing = 0;
		};
/* End PBXFrameworksBuildPhase section */

/* Begin PBXGroup section */
		C01D34981961A2130078FAAE = {
			isa = PBXGroup;
			children = (
				C01D34A31961A2130078FAAE /* App8TableView */,
				C01D34B61961A2140078FAAE /* App8TableViewTests */,
				C01D34A21961A2130078FAAE /* Products */,
			);
			sourceTree = "<group>";
		};
		C01D34A21961A2130078FAAE /* Products */ = {
			isa = PBXGroup;
			children = (
				C01D34A11961A2130078FAAE /* App8TableView.app */,
				C01D34B31961A2140078FAAE /* App8TableViewTests.xctest */,
			);
			name = Products;
			sourceTree = "<group>";
		};
		C01D34A31961A2130078FAAE /* App8TableView */ = {
			isa = PBXGroup;
			children = (
				C01D34A61961A2140078FAAE /* AppDelegate.swift */,
				C01D34A81961A2140078FAAE /* ViewController.swift */,
				C01D34AA1961A2140078FAAE /* Main.storyboard */,
				C01D34AD1961A2140078FAAE /* Images.xcassets */,
				C01D34A41961A2140078FAAE /* Supporting Files */,
			);
			path = App8TableView;
			sourceTree = "<group>";
		};
		C01D34A41961A2140078FAAE /* Supporting Files */ = {
			isa = PBXGroup;
			children = (
				C01D34A51961A2140078FAAE /* Info.plist */,
			);
			name = "Supporting Files";
			sourceTree = "<group>";
		};
		C01D34B61961A2140078FAAE /* App8TableViewTests */ = {
			isa = PBXGroup;
			children = (
				C01D34B91961A2140078FAAE /* App8TableViewTests.swift */,
				C01D34B71961A2140078FAAE /* Supporting Files */,
			);
			path = App8TableViewTests;
			sourceTree = "<group>";
		};
		C01D34B71961A2140078FAAE /* Supporting Files */ = {
			isa = PBXGroup;
			children = (
				C01D34B81961A2140078FAAE /* Info.plist */,
			);
			name = "Supporting Files";
			sourceTree = "<group>";
		};
/* End PBXGroup section */

/* Begin PBXNativeTarget section */
		C01D34A01961A2130078FAAE /* App8TableView */ = {
			isa = PBXNativeTarget;
			buildConfigurationList = C01D34BD1961A2140078FAAE /* Build configuration list for PBXNativeTarget "App8TableView" */;
			buildPhases = (
				C01D349D1961A2130078FAAE /* Sources */,
				C01D349E1961A2130078FAAE /* Frameworks */,
				C01D349F1961A2130078FAAE /* Resources */,
			);
			buildRules = (
			);
			dependencies = (
			);
			name = App8TableView;
			productName = App8TableView;
			productReference = C01D34A11961A2130078FAAE /* App8TableView.app */;
			productType = "com.apple.product-type.application";
		};
		C01D34B21961A2140078FAAE /* App8TableViewTests */ = {
			isa = PBXNativeTarget;
			buildConfigurationList = C01D34C01961A2140078FAAE /* Build configuration list for PBXNativeTarget "App8TableViewTests" */;
			buildPhases = (
				C01D34AF1961A2140078FAAE /* Sources */,
				C01D34B01961A2140078FAAE /* Frameworks */,
				C01D34B11961A2140078FAAE /* Resources */,
			);
			buildRules = (
			);
			dependencies = (
				C01D34B51961A2140078FAAE /* PBXTargetDependency */,
			);
			name = App8TableViewTests;
			productName = App8TableViewTests;
			productReference = C01D34B31961A2140078FAAE /* App8TableViewTests.xctest */;
			productType = "com.apple.product-type.bundle.unit-test";
		};
/* End PBXNativeTarget section */

/* Begin PBXProject section */
		C01D34991961A2130078FAAE /* Project object */ = {
			isa = PBXProject;
			attributes = {
				LastUpgradeCheck = 0600;
				ORGANIZATIONNAME = Gabriel;
				TargetAttributes = {
					C01D34A01961A2130078FAAE = {
						CreatedOnToolsVersion = 6.0;
					};
					C01D34B21961A2140078FAAE = {
						CreatedOnToolsVersion = 6.0;
						TestTargetID = C01D34A01961A2130078FAAE;
					};
				};
			};
			buildConfigurationList = C01D349C1961A2130078FAAE /* Build configuration list for PBXProject "App8TableView" */;
			compatibilityVersion = "Xcode 3.2";
			developmentRegion = English;
			hasScannedForEncodings = 0;
			knownRegions = (
				en,
				Base,
			);
			mainGroup = C01D34981961A2130078FAAE;
			productRefGroup = C01D34A21961A2130078FAAE /* Products */;
			projectDirPath = "";
			projectRoot = "";
			targets = (
				C01D34A01961A2130078FAAE /* App8TableView */,
				C01D34B21961A2140078FAAE /* App8TableViewTests */,
			);
		};
/* End PBXProject section */

/* Begin PBXResourcesBuildPhase section */
		C01D349F1961A2130078FAAE /* Resources */ = {
			isa = PBXResourcesBuildPhase;
			buildActionMask = 2147483647;
			files = (
				C01D34AC1961A2140078FAAE /* Main.storyboard in Resources */,
				C01D34AE1961A2140078FAAE /* Images.xcassets in Resources */,
			);
			runOnlyForDeploymentPostprocessing = 0;
		};
		C01D34B11961A2140078FAAE /* Resources */ = {
			isa = PBXResourcesBuildPhase;
			buildActionMask = 2147483647;
			files = (
			);
			runOnlyForDeploymentPostprocessing = 0;
		};
/* End PBXResourcesBuildPhase section */

/* Begin PBXSourcesBuildPhase section */
		C01D349D1961A2130078FAAE /* Sources */ = {
			isa = PBXSourcesBuildPhase;
			buildActionMask = 2147483647;
			files = (
				C01D34A91961A2140078FAAE /* ViewController.swift in Sources */,
				C01D34A71961A2140078FAAE /* AppDelegate.swift in Sources */,
			);
			runOnlyForDeploymentPostprocessing = 0;
		};
		C01D34AF1961A2140078FAAE /* Sources */ = {
			isa = PBXSourcesBuildPhase;
			buildActionMask = 2147483647;
			files = (
				C01D34BA1961A2140078FAAE /* App8TableViewTests.swift in Sources */,
			);
			runOnlyForDeploymentPostprocessing = 0;
		};
/* End PBXSourcesBuildPhase section */

/* Begin PBXTargetDependency section */
		C01D34B51961A2140078FAAE /* PBXTargetDependency */ = {
			isa = PBXTargetDependency;
			target = C01D34A01961A2130078FAAE /* App8TableView */;
			targetProxy = C01D34B41961A2140078FAAE /* PBXContainerItemProxy */;
		};
/* End PBXTargetDependency section */

/* Begin PBXVariantGroup section */
		C01D34AA1961A2140078FAAE /* Main.storyboard */ = {
			isa = PBXVariantGroup;
			children = (
				C01D34AB1961A2140078FAAE /* Base */,
			);
			name = Main.storyboard;
			sourceTree = "<group>";
		};
/* End PBXVariantGroup section */

/* Begin XCBuildConfiguration section */
		C01D34BB1961A2140078FAAE /* Debug */ = {
			isa = XCBuildConfiguration;
			buildSettings = {
				ALWAYS_SEARCH_USER_PATHS = NO;
				CLANG_CXX_LANGUAGE_STANDARD = "gnu++0x";
				CLANG_CXX_LIBRARY = "libc++";
				CLANG_ENABLE_MODULES = YES;
				CLANG_ENABLE_OBJC_ARC = YES;
				CLANG_WARN_BOOL_CONVERSION = YES;
				CLANG_WARN_CONSTANT_CONVERSION = YES;
				CLANG_WARN_DIRECT_OBJC_ISA_USAGE = YES_ERROR;
				CLANG_WARN_EMPTY_BODY = YES;
				CLANG_WARN_ENUM_CONVERSION = YES;
				CLANG_WARN_INT_CONVERSION = YES;
				CLANG_WARN_OBJC_ROOT_CLASS = YES_ERROR;
				CLANG_WARN_UNREACHABLE_CODE = YES;
				CLANG_WARN__DUPLICATE_METHOD_MATCH = YES;
				"CODE_SIGN_IDENTITY[sdk=iphoneos*]" = "iPhone Developer";
				COPY_PHASE_STRIP = NO;
				ENABLE_STRICT_OBJC_MSGSEND = YES;
				GCC_C_LANGUAGE_STANDARD = gnu99;
				GCC_DYNAMIC_NO_PIC = NO;
				GCC_OPTIMIZATION_LEVEL = 0;
				GCC_PREPROCESSOR_DEFINITIONS = (
					"DEBUG=1",
					"$(inherited)",
				);
				GCC_SYMBOLS_PRIVATE_EXTERN = NO;
				GCC_WARN_64_TO_32_BIT_CONVERSION = YES;
				GCC_WARN_ABOUT_RETURN_TYPE = YES_ERROR;
				GCC_WARN_UNDECLARED_SELECTOR = YES;
				GCC_WARN_UNINITIALIZED_AUTOS = YES_AGGRESSIVE;
				GCC_WARN_UNUSED_FUNCTION = YES;
				GCC_WARN_UNUSED_VARIABLE = YES;
				IPHONEOS_DEPLOYMENT_TARGET = 8.0;
				METAL_ENABLE_DEBUG_INFO = YES;
				ONLY_ACTIVE_ARCH = YES;
				SDKROOT = iphoneos;
				SWIFT_OPTIMIZATION_LEVEL = "-Onone";
			};
			name = Debug;
		};
		C01D34BC1961A2140078FAAE /* Release */ = {
			isa = XCBuildConfiguration;
			buildSettings = {
				ALWAYS_SEARCH_USER_PATHS = NO;
				CLANG_CXX_LANGUAGE_STANDARD = "gnu++0x";
				CLANG_CXX_LIBRARY = "libc++";
				CLANG_ENABLE_MODULES = YES;
				CLANG_ENABLE_OBJC_ARC = YES;
				CLANG_WARN_BOOL_CONVERSION = YES;
				CLANG_WARN_CONSTANT_CONVERSION = YES;
				CLANG_WARN_DIRECT_OBJC_ISA_USAGE = YES_ERROR;
				CLANG_WARN_EMPTY_BODY = YES;
				CLANG_WARN_ENUM_CONVERSION = YES;
				CLANG_WARN_INT_CONVERSION = YES;
				CLANG_WARN_OBJC_ROOT_CLASS = YES_ERROR;
				CLANG_WARN_UNREACHABLE_CODE = YES;
				CLANG_WARN__DUPLICATE_METHOD_MATCH = YES;
				"CODE_SIGN_IDENTITY[sdk=iphoneos*]" = "iPhone Developer";
				COPY_PHASE_STRIP = YES;
				ENABLE_NS_ASSERTIONS = NO;
				ENABLE_STRICT_OBJC_MSGSEND = YES;
				GCC_C_LANGUAGE_STANDARD = gnu99;
				GCC_WARN_64_TO_32_BIT_CONVERSION = YES;
				GCC_WARN_ABOUT_RETURN_TYPE = YES_ERROR;
				GCC_WARN_UNDECLARED_SELECTOR = YES;
				GCC_WARN_UNINITIALIZED_AUTOS = YES_AGGRESSIVE;
				GCC_WARN_UNUSED_FUNCTION = YES;
				GCC_WARN_UNUSED_VARIABLE = YES;
				IPHONEOS_DEPLOYMENT_TARGET = 8.0;
				METAL_ENABLE_DEBUG_INFO = NO;
				SDKROOT = iphoneos;
				VALIDATE_PRODUCT = YES;
			};
			name = Release;
		};
		C01D34BE1961A2140078FAAE /* Debug */ = {
			isa = XCBuildConfiguration;
			buildSettings = {
				ASSETCATALOG_COMPILER_APPICON_NAME = AppIcon;
				ASSETCATALOG_COMPILER_LAUNCHIMAGE_NAME = LaunchImage;
				INFOPLIST_FILE = App8TableView/Info.plist;
				LD_RUNPATH_SEARCH_PATHS = "$(inherited) @executable_path/Frameworks";
				PRODUCT_NAME = "$(TARGET_NAME)";
			};
			name = Debug;
		};
		C01D34BF1961A2140078FAAE /* Release */ = {
			isa = XCBuildConfiguration;
			buildSettings = {
				ASSETCATALOG_COMPILER_APPICON_NAME = AppIcon;
				ASSETCATALOG_COMPILER_LAUNCHIMAGE_NAME = LaunchImage;
				INFOPLIST_FILE = App8TableView/Info.plist;
				LD_RUNPATH_SEARCH_PATHS = "$(inherited) @executable_path/Frameworks";
				PRODUCT_NAME = "$(TARGET_NAME)";
			};
			name = Release;
		};
		C01D34C11961A2140078FAAE /* Debug */ = {
			isa = XCBuildConfiguration;
			buildSettings = {
				BUNDLE_LOADER = "$(BUILT_PRODUCTS_DIR)/App8TableView.app/App8TableView";
				FRAMEWORK_SEARCH_PATHS = (
					"$(SDKROOT)/Developer/Library/Frameworks",
					"$(inherited)",
				);
				GCC_PREPROCESSOR_DEFINITIONS = (
					"DEBUG=1",
					"$(inherited)",
				);
				INFOPLIST_FILE = App8TableViewTests/Info.plist;
				LD_RUNPATH_SEARCH_PATHS = "$(inherited) @executable_path/Frameworks @loader_path/Frameworks";
				METAL_ENABLE_DEBUG_INFO = YES;
				PRODUCT_NAME = "$(TARGET_NAME)";
				TEST_HOST = "$(BUNDLE_LOADER)";
			};
			name = Debug;
		};
		C01D34C21961A2140078FAAE /* Release */ = {
			isa = XCBuildConfiguration;
			buildSettings = {
				BUNDLE_LOADER = "$(BUILT_PRODUCTS_DIR)/App8TableView.app/App8TableView";
				FRAMEWORK_SEARCH_PATHS = (
					"$(SDKROOT)/Developer/Library/Frameworks",
					"$(inherited)",
				);
				INFOPLIST_FILE = App8TableViewTests/Info.plist;
				LD_RUNPATH_SEARCH_PATHS = "$(inherited) @executable_path/Frameworks @loader_path/Frameworks";
				METAL_ENABLE_DEBUG_INFO = NO;
				PRODUCT_NAME = "$(TARGET_NAME)";
				TEST_HOST = "$(BUNDLE_LOADER)";
			};
			name = Release;
		};
/* End XCBuildConfiguration section */

/* Begin XCConfigurationList section */
		C01D349C1961A2130078FAAE /* Build configuration list for PBXProject "App8TableView" */ = {
			isa = XCConfigurationList;
			buildConfigurations = (
				C01D34BB1961A2140078FAAE /* Debug */,
				C01D34BC1961A2140078FAAE /* Release */,
			);
			defaultConfigurationIsVisible = 0;
			defaultConfigurationName = Release;
		};
		C01D34BD1961A2140078FAAE /* Build configuration list for PBXNativeTarget "App8TableView" */ = {
			isa = XCConfigurationList;
			buildConfigurations = (
				C01D34BE1961A2140078FAAE /* Debug */,
				C01D34BF1961A2140078FAAE /* Release */,
			);
			defaultConfigurationIsVisible = 0;
		};
		C01D34C01961A2140078FAAE /* Build configuration list for PBXNativeTarget "App8TableViewTests" */ = {
			isa = XCConfigurationList;
			buildConfigurations = (
				C01D34C11961A2140078FAAE /* Debug */,
				C01D34C21961A2140078FAAE /* Release */,
			);
			defaultConfigurationIsVisible = 0;
		};
/* End XCConfigurationList section */
	};
	rootObject = C01D34991961A2130078FAAE /* Project object */;
}
