// !$*UTF8*$!
{
	archiveVersion = 1;
	classes = {
	};
	objectVersion = 46;
	objects = {

/* Begin PBXBuildFile section */
		C01FDA4D1976B2890090AA4B /* AppDelegate.swift in Sources */ = {isa = PBXBuildFile; fileRef = C01FDA4C1976B2890090AA4B /* AppDelegate.swift */; };
		C01FDA4F1976B2890090AA4B /* ViewController.swift in Sources */ = {isa = PBXBuildFile; fileRef = C01FDA4E1976B2890090AA4B /* ViewController.swift */; };
		C01FDA521976B2890090AA4B /* Main.storyboard in Resources */ = {isa = PBXBuildFile; fileRef = C01FDA501976B2890090AA4B /* Main.storyboard */; };
		C01FDA541976B2890090AA4B /* Images.xcassets in Resources */ = {isa = PBXBuildFile; fileRef = C01FDA531976B2890090AA4B /* Images.xcassets */; };
		C01FDA601976B2890090AA4B /* App10PokerPlanning2Tests.swift in Sources */ = {isa = PBXBuildFile; fileRef = C01FDA5F1976B2890090AA4B /* App10PokerPlanning2Tests.swift */; };
/* End PBXBuildFile section */

/* Begin PBXContainerItemProxy section */
		C01FDA5A1976B2890090AA4B /* PBXContainerItemProxy */ = {
			isa = PBXContainerItemProxy;
			containerPortal = C01FDA3F1976B2890090AA4B /* Project object */;
			proxyType = 1;
			remoteGlobalIDString = C01FDA461976B2890090AA4B;
			remoteInfo = App10PokerPlanning2;
		};
/* End PBXContainerItemProxy section */

/* Begin PBXFileReference section */
		C01FDA471976B2890090AA4B /* App10PokerPlanning2.app */ = {isa = PBXFileReference; explicitFileType = wrapper.application; includeInIndex = 0; path = App10PokerPlanning2.app; sourceTree = BUILT_PRODUCTS_DIR; };
		C01FDA4B1976B2890090AA4B /* Info.plist */ = {isa = PBXFileReference; lastKnownFileType = text.plist.xml; path = Info.plist; sourceTree = "<group>"; };
		C01FDA4C1976B2890090AA4B /* AppDelegate.swift */ = {isa = PBXFileReference; lastKnownFileType = sourcecode.swift; path = AppDelegate.swift; sourceTree = "<group>"; };
		C01FDA4E1976B2890090AA4B /* ViewController.swift */ = {isa = PBXFileReference; lastKnownFileType = sourcecode.swift; path = ViewController.swift; sourceTree = "<group>"; };
		C01FDA511976B2890090AA4B /* Base */ = {isa = PBXFileReference; lastKnownFileType = file.storyboard; name = Base; path = Base.lproj/Main.storyboard; sourceTree = "<group>"; };
		C01FDA531976B2890090AA4B /* Images.xcassets */ = {isa = PBXFileReference; lastKnownFileType = folder.assetcatalog; path = Images.xcassets; sourceTree = "<group>"; };
		C01FDA591976B2890090AA4B /* App10PokerPlanning2Tests.xctest */ = {isa = PBXFileReference; explicitFileType = wrapper.cfbundle; includeInIndex = 0; path = App10PokerPlanning2Tests.xctest; sourceTree = BUILT_PRODUCTS_DIR; };
		C01FDA5E1976B2890090AA4B /* Info.plist */ = {isa = PBXFileReference; lastKnownFileType = text.plist.xml; path = Info.plist; sourceTree = "<group>"; };
		C01FDA5F1976B2890090AA4B /* App10PokerPlanning2Tests.swift */ = {isa = PBXFileReference; lastKnownFileType = sourcecode.swift; path = App10PokerPlanning2Tests.swift; sourceTree = "<group>"; };
/* End PBXFileReference section */

/* Begin PBXFrameworksBuildPhase section */
		C01FDA441976B2890090AA4B /* Frameworks */ = {
			isa = PBXFrameworksBuildPhase;
			buildActionMask = 2147483647;
			files = (
			);
			runOnlyForDeploymentPostprocessing = 0;
		};
		C01FDA561976B2890090AA4B /* Frameworks */ = {
			isa = PBXFrameworksBuildPhase;
			buildActionMask = 2147483647;
			files = (
			);
			runOnlyForDeploymentPostprocessing = 0;
		};
/* End PBXFrameworksBuildPhase section */

/* Begin PBXGroup section */
		C01FDA3E1976B2890090AA4B = {
			isa = PBXGroup;
			children = (
				C01FDA491976B2890090AA4B /* App10PokerPlanning2 */,
				C01FDA5C1976B2890090AA4B /* App10PokerPlanning2Tests */,
				C01FDA481976B2890090AA4B /* Products */,
			);
			sourceTree = "<group>";
		};
		C01FDA481976B2890090AA4B /* Products */ = {
			isa = PBXGroup;
			children = (
				C01FDA471976B2890090AA4B /* App10PokerPlanning2.app */,
				C01FDA591976B2890090AA4B /* App10PokerPlanning2Tests.xctest */,
			);
			name = Products;
			sourceTree = "<group>";
		};
		C01FDA491976B2890090AA4B /* App10PokerPlanning2 */ = {
			isa = PBXGroup;
			children = (
				C01FDA4E1976B2890090AA4B /* ViewController.swift */,
				C01FDA501976B2890090AA4B /* Main.storyboard */,
				C01FDA531976B2890090AA4B /* Images.xcassets */,
				C01FDA4A1976B2890090AA4B /* Supporting Files */,
			);
			path = App10PokerPlanning2;
			sourceTree = "<group>";
		};
		C01FDA4A1976B2890090AA4B /* Supporting Files */ = {
			isa = PBXGroup;
			children = (
				C01FDA4C1976B2890090AA4B /* AppDelegate.swift */,
				C01FDA4B1976B2890090AA4B /* Info.plist */,
			);
			name = "Supporting Files";
			sourceTree = "<group>";
		};
		C01FDA5C1976B2890090AA4B /* App10PokerPlanning2Tests */ = {
			isa = PBXGroup;
			children = (
				C01FDA5F1976B2890090AA4B /* App10PokerPlanning2Tests.swift */,
				C01FDA5D1976B2890090AA4B /* Supporting Files */,
			);
			path = App10PokerPlanning2Tests;
			sourceTree = "<group>";
		};
		C01FDA5D1976B2890090AA4B /* Supporting Files */ = {
			isa = PBXGroup;
			children = (
				C01FDA5E1976B2890090AA4B /* Info.plist */,
			);
			name = "Supporting Files";
			sourceTree = "<group>";
		};
/* End PBXGroup section */

/* Begin PBXNativeTarget section */
		C01FDA461976B2890090AA4B /* App10PokerPlanning2 */ = {
			isa = PBXNativeTarget;
			buildConfigurationList = C01FDA631976B2890090AA4B /* Build configuration list for PBXNativeTarget "App10PokerPlanning2" */;
			buildPhases = (
				C01FDA431976B2890090AA4B /* Sources */,
				C01FDA441976B2890090AA4B /* Frameworks */,
				C01FDA451976B2890090AA4B /* Resources */,
			);
			buildRules = (
			);
			dependencies = (
			);
			name = App10PokerPlanning2;
			productName = App10PokerPlanning2;
			productReference = C01FDA471976B2890090AA4B /* App10PokerPlanning2.app */;
			productType = "com.apple.product-type.application";
		};
		C01FDA581976B2890090AA4B /* App10PokerPlanning2Tests */ = {
			isa = PBXNativeTarget;
			buildConfigurationList = C01FDA661976B2890090AA4B /* Build configuration list for PBXNativeTarget "App10PokerPlanning2Tests" */;
			buildPhases = (
				C01FDA551976B2890090AA4B /* Sources */,
				C01FDA561976B2890090AA4B /* Frameworks */,
				C01FDA571976B2890090AA4B /* Resources */,
			);
			buildRules = (
			);
			dependencies = (
				C01FDA5B1976B2890090AA4B /* PBXTargetDependency */,
			);
			name = App10PokerPlanning2Tests;
			productName = App10PokerPlanning2Tests;
			productReference = C01FDA591976B2890090AA4B /* App10PokerPlanning2Tests.xctest */;
			productType = "com.apple.product-type.bundle.unit-test";
		};
/* End PBXNativeTarget section */

/* Begin PBXProject section */
		C01FDA3F1976B2890090AA4B /* Project object */ = {
			isa = PBXProject;
			attributes = {
				LastUpgradeCheck = 0600;
				ORGANIZATIONNAME = Gabriel;
				TargetAttributes = {
					C01FDA461976B2890090AA4B = {
						CreatedOnToolsVersion = 6.0;
					};
					C01FDA581976B2890090AA4B = {
						CreatedOnToolsVersion = 6.0;
						TestTargetID = C01FDA461976B2890090AA4B;
					};
				};
			};
			buildConfigurationList = C01FDA421976B2890090AA4B /* Build configuration list for PBXProject "App10PokerPlanning2" */;
			compatibilityVersion = "Xcode 3.2";
			developmentRegion = English;
			hasScannedForEncodings = 0;
			knownRegions = (
				en,
				Base,
			);
			mainGroup = C01FDA3E1976B2890090AA4B;
			productRefGroup = C01FDA481976B2890090AA4B /* Products */;
			projectDirPath = "";
			projectRoot = "";
			targets = (
				C01FDA461976B2890090AA4B /* App10PokerPlanning2 */,
				C01FDA581976B2890090AA4B /* App10PokerPlanning2Tests */,
			);
		};
/* End PBXProject section */

/* Begin PBXResourcesBuildPhase section */
		C01FDA451976B2890090AA4B /* Resources */ = {
			isa = PBXResourcesBuildPhase;
			buildActionMask = 2147483647;
			files = (
				C01FDA521976B2890090AA4B /* Main.storyboard in Resources */,
				C01FDA541976B2890090AA4B /* Images.xcassets in Resources */,
			);
			runOnlyForDeploymentPostprocessing = 0;
		};
		C01FDA571976B2890090AA4B /* Resources */ = {
			isa = PBXResourcesBuildPhase;
			buildActionMask = 2147483647;
			files = (
			);
			runOnlyForDeploymentPostprocessing = 0;
		};
/* End PBXResourcesBuildPhase section */

/* Begin PBXSourcesBuildPhase section */
		C01FDA431976B2890090AA4B /* Sources */ = {
			isa = PBXSourcesBuildPhase;
			buildActionMask = 2147483647;
			files = (
				C01FDA4F1976B2890090AA4B /* ViewController.swift in Sources */,
				C01FDA4D1976B2890090AA4B /* AppDelegate.swift in Sources */,
			);
			runOnlyForDeploymentPostprocessing = 0;
		};
		C01FDA551976B2890090AA4B /* Sources */ = {
			isa = PBXSourcesBuildPhase;
			buildActionMask = 2147483647;
			files = (
				C01FDA601976B2890090AA4B /* App10PokerPlanning2Tests.swift in Sources */,
			);
			runOnlyForDeploymentPostprocessing = 0;
		};
/* End PBXSourcesBuildPhase section */

/* Begin PBXTargetDependency section */
		C01FDA5B1976B2890090AA4B /* PBXTargetDependency */ = {
			isa = PBXTargetDependency;
			target = C01FDA461976B2890090AA4B /* App10PokerPlanning2 */;
			targetProxy = C01FDA5A1976B2890090AA4B /* PBXContainerItemProxy */;
		};
/* End PBXTargetDependency section */

/* Begin PBXVariantGroup section */
		C01FDA501976B2890090AA4B /* Main.storyboard */ = {
			isa = PBXVariantGroup;
			children = (
				C01FDA511976B2890090AA4B /* Base */,
			);
			name = Main.storyboard;
			sourceTree = "<group>";
		};
/* End PBXVariantGroup section */

/* Begin XCBuildConfiguration section */
		C01FDA611976B2890090AA4B /* Debug */ = {
			isa = XCBuildConfiguration;
			buildSettings = {
				ALWAYS_SEARCH_USER_PATHS = NO;
				CLANG_CXX_LANGUAGE_STANDARD = "gnu++0x";
				CLANG_CXX_LIBRARY = "libc++";
				CLANG_ENABLE_MODULES = YES;
				CLANG_ENABLE_OBJC_ARC = YES;
				CLANG_WARN_BOOL_CONVERSION = YES;
				CLANG_WARN_CONSTANT_CONVERSION = YES;
				CLANG_WARN_DIRECT_OBJC_ISA_USAGE = YES_ERROR;
				CLANG_WARN_EMPTY_BODY = YES;
				CLANG_WARN_ENUM_CONVERSION = YES;
				CLANG_WARN_INT_CONVERSION = YES;
				CLANG_WARN_OBJC_ROOT_CLASS = YES_ERROR;
				CLANG_WARN_UNREACHABLE_CODE = YES;
				CLANG_WARN__DUPLICATE_METHOD_MATCH = YES;
				"CODE_SIGN_IDENTITY[sdk=iphoneos*]" = "iPhone Developer";
				COPY_PHASE_STRIP = NO;
				ENABLE_STRICT_OBJC_MSGSEND = YES;
				GCC_C_LANGUAGE_STANDARD = gnu99;
				GCC_DYNAMIC_NO_PIC = NO;
				GCC_OPTIMIZATION_LEVEL = 0;
				GCC_PREPROCESSOR_DEFINITIONS = (
					"DEBUG=1",
					"$(inherited)",
				);
				GCC_SYMBOLS_PRIVATE_EXTERN = NO;
				GCC_WARN_64_TO_32_BIT_CONVERSION = YES;
				GCC_WARN_ABOUT_RETURN_TYPE = YES_ERROR;
				GCC_WARN_UNDECLARED_SELECTOR = YES;
				GCC_WARN_UNINITIALIZED_AUTOS = YES_AGGRESSIVE;
				GCC_WARN_UNUSED_FUNCTION = YES;
				GCC_WARN_UNUSED_VARIABLE = YES;
				IPHONEOS_DEPLOYMENT_TARGET = 8.0;
				METAL_ENABLE_DEBUG_INFO = YES;
				ONLY_ACTIVE_ARCH = YES;
				SDKROOT = iphoneos;
				SWIFT_OPTIMIZATION_LEVEL = "-Onone";
			};
			name = Debug;
		};
		C01FDA621976B2890090AA4B /* Release */ = {
			isa = XCBuildConfiguration;
			buildSettings = {
				ALWAYS_SEARCH_USER_PATHS = NO;
				CLANG_CXX_LANGUAGE_STANDARD = "gnu++0x";
				CLANG_CXX_LIBRARY = "libc++";
				CLANG_ENABLE_MODULES = YES;
				CLANG_ENABLE_OBJC_ARC = YES;
				CLANG_WARN_BOOL_CONVERSION = YES;
				CLANG_WARN_CONSTANT_CONVERSION = YES;
				CLANG_WARN_DIRECT_OBJC_ISA_USAGE = YES_ERROR;
				CLANG_WARN_EMPTY_BODY = YES;
				CLANG_WARN_ENUM_CONVERSION = YES;
				CLANG_WARN_INT_CONVERSION = YES;
				CLANG_WARN_OBJC_ROOT_CLASS = YES_ERROR;
				CLANG_WARN_UNREACHABLE_CODE = YES;
				CLANG_WARN__DUPLICATE_METHOD_MATCH = YES;
				"CODE_SIGN_IDENTITY[sdk=iphoneos*]" = "iPhone Developer";
				COPY_PHASE_STRIP = YES;
				ENABLE_NS_ASSERTIONS = NO;
				ENABLE_STRICT_OBJC_MSGSEND = YES;
				GCC_C_LANGUAGE_STANDARD = gnu99;
				GCC_WARN_64_TO_32_BIT_CONVERSION = YES;
				GCC_WARN_ABOUT_RETURN_TYPE = YES_ERROR;
				GCC_WARN_UNDECLARED_SELECTOR = YES;
				GCC_WARN_UNINITIALIZED_AUTOS = YES_AGGRESSIVE;
				GCC_WARN_UNUSED_FUNCTION = YES;
				GCC_WARN_UNUSED_VARIABLE = YES;
				IPHONEOS_DEPLOYMENT_TARGET = 8.0;
				METAL_ENABLE_DEBUG_INFO = NO;
				SDKROOT = iphoneos;
				VALIDATE_PRODUCT = YES;
			};
			name = Release;
		};
		C01FDA641976B2890090AA4B /* Debug */ = {
			isa = XCBuildConfiguration;
			buildSettings = {
				ASSETCATALOG_COMPILER_APPICON_NAME = AppIcon;
				ASSETCATALOG_COMPILER_LAUNCHIMAGE_NAME = LaunchImage;
				INFOPLIST_FILE = App10PokerPlanning2/Info.plist;
				LD_RUNPATH_SEARCH_PATHS = "$(inherited) @executable_path/Frameworks";
				PRODUCT_NAME = "$(TARGET_NAME)";
			};
			name = Debug;
		};
		C01FDA651976B2890090AA4B /* Release */ = {
			isa = XCBuildConfiguration;
			buildSettings = {
				ASSETCATALOG_COMPILER_APPICON_NAME = AppIcon;
				ASSETCATALOG_COMPILER_LAUNCHIMAGE_NAME = LaunchImage;
				INFOPLIST_FILE = App10PokerPlanning2/Info.plist;
				LD_RUNPATH_SEARCH_PATHS = "$(inherited) @executable_path/Frameworks";
				PRODUCT_NAME = "$(TARGET_NAME)";
			};
			name = Release;
		};
		C01FDA671976B2890090AA4B /* Debug */ = {
			isa = XCBuildConfiguration;
			buildSettings = {
				BUNDLE_LOADER = "$(BUILT_PRODUCTS_DIR)/App10PokerPlanning2.app/App10PokerPlanning2";
				FRAMEWORK_SEARCH_PATHS = (
					"$(SDKROOT)/Developer/Library/Frameworks",
					"$(inherited)",
				);
				GCC_PREPROCESSOR_DEFINITIONS = (
					"DEBUG=1",
					"$(inherited)",
				);
				INFOPLIST_FILE = App10PokerPlanning2Tests/Info.plist;
				LD_RUNPATH_SEARCH_PATHS = "$(inherited) @executable_path/Frameworks @loader_path/Frameworks";
				METAL_ENABLE_DEBUG_INFO = YES;
				PRODUCT_NAME = "$(TARGET_NAME)";
				TEST_HOST = "$(BUNDLE_LOADER)";
			};
			name = Debug;
		};
		C01FDA681976B2890090AA4B /* Release */ = {
			isa = XCBuildConfiguration;
			buildSettings = {
				BUNDLE_LOADER = "$(BUILT_PRODUCTS_DIR)/App10PokerPlanning2.app/App10PokerPlanning2";
				FRAMEWORK_SEARCH_PATHS = (
					"$(SDKROOT)/Developer/Library/Frameworks",
					"$(inherited)",
				);
				INFOPLIST_FILE = App10PokerPlanning2Tests/Info.plist;
				LD_RUNPATH_SEARCH_PATHS = "$(inherited) @executable_path/Frameworks @loader_path/Frameworks";
				METAL_ENABLE_DEBUG_INFO = NO;
				PRODUCT_NAME = "$(TARGET_NAME)";
				TEST_HOST = "$(BUNDLE_LOADER)";
			};
			name = Release;
		};
/* End XCBuildConfiguration section */

/* Begin XCConfigurationList section */
		C01FDA421976B2890090AA4B /* Build configuration list for PBXProject "App10PokerPlanning2" */ = {
			isa = XCConfigurationList;
			buildConfigurations = (
				C01FDA611976B2890090AA4B /* Debug */,
				C01FDA621976B2890090AA4B /* Release */,
			);
			defaultConfigurationIsVisible = 0;
			defaultConfigurationName = Release;
		};
		C01FDA631976B2890090AA4B /* Build configuration list for PBXNativeTarget "App10PokerPlanning2" */ = {
			isa = XCConfigurationList;
			buildConfigurations = (
				C01FDA641976B2890090AA4B /* Debug */,
				C01FDA651976B2890090AA4B /* Release */,
			);
			defaultConfigurationIsVisible = 0;
		};
		C01FDA661976B2890090AA4B /* Build configuration list for PBXNativeTarget "App10PokerPlanning2Tests" */ = {
			isa = XCConfigurationList;
			buildConfigurations = (
				C01FDA671976B2890090AA4B /* Debug */,
				C01FDA681976B2890090AA4B /* Release */,
			);
			defaultConfigurationIsVisible = 0;
		};
/* End XCConfigurationList section */
	};
	rootObject = C01FDA3F1976B2890090AA4B /* Project object */;
}
